PODS:
  - Alamofire (5.2.2)
  - Kingfisher (4.10.1)

DEPENDENCIES:
  - Alamofire (~> 5.2)
  - Kingfisher (~> 4.0)

SPEC REPOS:
  trunk:
    - Alamofire
    - Kingfisher

SPEC CHECKSUMS:
  Alamofire: 814429acc853c6c54ff123fc3d2ef66803823ce0
  Kingfisher: c148cd7b47ebde9989f6bc7c27dcaa79d81279a0

PODFILE CHECKSUM: a7a11aaf6981e7bd3572e42890ed1e1ca7f60dba

COCOAPODS: 1.9.3
